
Microsoft Visual Studio Solution File, Format Version 12.00
# Visual Studio 2013
VisualStudioVersion = 12.0.21005.1
MinimumVisualStudioVersion = 10.0.40219.1
Project("{FAE04EC0-301F-11D3-BF4B-00C04F79EFBC}") = "ICStars2_0", "ICStars2_0\ICStars2_0.csproj", "{685924DA-C2B6-49FB-97F3-C546A78201FB}"
EndProject
Project("{FAE04EC0-301F-11D3-BF4B-00C04F79EFBC}") = "ICStars2_0.Model", "ICStars2_0.Model\ICStars2_0.Model.csproj", "{64783704-C7FE-43D1-AA25-7F74330DEB9C}"
EndProject
Project("{FAE04EC0-301F-11D3-BF4B-00C04F79EFBC}") = "ICStars2_0.BusinessLayer", "ICStars2_0.BusinessLayer\ICStars2_0.BusinessLayer.csproj", "{12F372DF-1165-4539-AA0D-40C2FA90FADD}"
EndProject
Project("{FAE04EC0-301F-11D3-BF4B-00C04F79EFBC}") = "ICStars2_0.Db", "ICStars2_0.Db\ICStars2_0.Db.csproj", "{E4E03F84-A7BD-4E44-B271-A2CB62157DCE}"
EndProject
Project("{FAE04EC0-301F-11D3-BF4B-00C04F79EFBC}") = "ICStars2_0.Data", "ICStars2_0.Data\ICStars2_0.Data.csproj", "{510EF3EF-B405-4138-8B07-F6E0F9675283}"
EndProject
Project("{FAE04EC0-301F-11D3-BF4B-00C04F79EFBC}") = "ICStars2_0.Common", "ICStars2_0.Common\ICStars2_0.Common.csproj", "{75C70DE0-D470-4C78-A3A1-C1FECE2C4E8F}"
EndProject
Project("{FAE04EC0-301F-11D3-BF4B-00C04F79EFBC}") = "ICStars2_0.Framework", "ICStars2_0.Framework\ICStars2_0.Framework.csproj", "{EE770120-3671-4E2E-A328-C9C0AC28ECD7}"
EndProject
Project("{FAE04EC0-301F-11D3-BF4B-00C04F79EFBC}") = "ICStars2_0.Components", "ICStars2_0.Components\ICStars2_0.Components.csproj", "{4CD628A6-EF5C-412E-B7A3-7DEDACF48D07}"
EndProject
Project("{FAE04EC0-301F-11D3-BF4B-00C04F79EFBC}") = "CampusConnect.MediatorLibrary", "..\CampusConnect.MediatorLibrary\CampusConnect.MediatorLibrary.csproj", "{5AEBD90C-6F4C-4417-BA4E-4E421A651F88}"
EndProject
Project("{FAE04EC0-301F-11D3-BF4B-00C04F79EFBC}") = "ICStars2_0.Mvc", "ICStars2_0.Mvc\ICStars2_0.Mvc.csproj", "{842604B3-36B6-41B1-ACD0-EE13FB52D9A6}"
EndProject
Global
	GlobalSection(SolutionConfigurationPlatforms) = preSolution
		Debug|Any CPU = Debug|Any CPU
		Release|Any CPU = Release|Any CPU
	EndGlobalSection
	GlobalSection(ProjectConfigurationPlatforms) = postSolution
		{685924DA-C2B6-49FB-97F3-C546A78201FB}.Debug|Any CPU.ActiveCfg = Debug|Any CPU
		{685924DA-C2B6-49FB-97F3-C546A78201FB}.Debug|Any CPU.Build.0 = Debug|Any CPU
		{685924DA-C2B6-49FB-97F3-C546A78201FB}.Release|Any CPU.ActiveCfg = Release|Any CPU
		{685924DA-C2B6-49FB-97F3-C546A78201FB}.Release|Any CPU.Build.0 = Release|Any CPU
		{64783704-C7FE-43D1-AA25-7F74330DEB9C}.Debug|Any CPU.ActiveCfg = Debug|Any CPU
		{64783704-C7FE-43D1-AA25-7F74330DEB9C}.Debug|Any CPU.Build.0 = Debug|Any CPU
		{64783704-C7FE-43D1-AA25-7F74330DEB9C}.Release|Any CPU.ActiveCfg = Release|Any CPU
		{64783704-C7FE-43D1-AA25-7F74330DEB9C}.Release|Any CPU.Build.0 = Release|Any CPU
		{12F372DF-1165-4539-AA0D-40C2FA90FADD}.Debug|Any CPU.ActiveCfg = Debug|Any CPU
		{12F372DF-1165-4539-AA0D-40C2FA90FADD}.Debug|Any CPU.Build.0 = Debug|Any CPU
		{12F372DF-1165-4539-AA0D-40C2FA90FADD}.Release|Any CPU.ActiveCfg = Release|Any CPU
		{12F372DF-1165-4539-AA0D-40C2FA90FADD}.Release|Any CPU.Build.0 = Release|Any CPU
		{E4E03F84-A7BD-4E44-B271-A2CB62157DCE}.Debug|Any CPU.ActiveCfg = Debug|Any CPU
		{E4E03F84-A7BD-4E44-B271-A2CB62157DCE}.Debug|Any CPU.Build.0 = Debug|Any CPU
		{E4E03F84-A7BD-4E44-B271-A2CB62157DCE}.Release|Any CPU.ActiveCfg = Release|Any CPU
		{E4E03F84-A7BD-4E44-B271-A2CB62157DCE}.Release|Any CPU.Build.0 = Release|Any CPU
		{510EF3EF-B405-4138-8B07-F6E0F9675283}.Debug|Any CPU.ActiveCfg = Debug|Any CPU
		{510EF3EF-B405-4138-8B07-F6E0F9675283}.Debug|Any CPU.Build.0 = Debug|Any CPU
		{510EF3EF-B405-4138-8B07-F6E0F9675283}.Release|Any CPU.ActiveCfg = Release|Any CPU
		{510EF3EF-B405-4138-8B07-F6E0F9675283}.Release|Any CPU.Build.0 = Release|Any CPU
		{75C70DE0-D470-4C78-A3A1-C1FECE2C4E8F}.Debug|Any CPU.ActiveCfg = Debug|Any CPU
		{75C70DE0-D470-4C78-A3A1-C1FECE2C4E8F}.Debug|Any CPU.Build.0 = Debug|Any CPU
		{75C70DE0-D470-4C78-A3A1-C1FECE2C4E8F}.Release|Any CPU.ActiveCfg = Release|Any CPU
		{75C70DE0-D470-4C78-A3A1-C1FECE2C4E8F}.Release|Any CPU.Build.0 = Release|Any CPU
		{EE770120-3671-4E2E-A328-C9C0AC28ECD7}.Debug|Any CPU.ActiveCfg = Debug|Any CPU
		{EE770120-3671-4E2E-A328-C9C0AC28ECD7}.Debug|Any CPU.Build.0 = Debug|Any CPU
		{EE770120-3671-4E2E-A328-C9C0AC28ECD7}.Release|Any CPU.ActiveCfg = Release|Any CPU
		{EE770120-3671-4E2E-A328-C9C0AC28ECD7}.Release|Any CPU.Build.0 = Release|Any CPU
		{4CD628A6-EF5C-412E-B7A3-7DEDACF48D07}.Debug|Any CPU.ActiveCfg = Debug|Any CPU
		{4CD628A6-EF5C-412E-B7A3-7DEDACF48D07}.Debug|Any CPU.Build.0 = Debug|Any CPU
		{4CD628A6-EF5C-412E-B7A3-7DEDACF48D07}.Release|Any CPU.ActiveCfg = Release|Any CPU
		{4CD628A6-EF5C-412E-B7A3-7DEDACF48D07}.Release|Any CPU.Build.0 = Release|Any CPU
		{5AEBD90C-6F4C-4417-BA4E-4E421A651F88}.Debug|Any CPU.ActiveCfg = Debug|Any CPU
		{5AEBD90C-6F4C-4417-BA4E-4E421A651F88}.Debug|Any CPU.Build.0 = Debug|Any CPU
		{5AEBD90C-6F4C-4417-BA4E-4E421A651F88}.Release|Any CPU.ActiveCfg = Release|Any CPU
		{5AEBD90C-6F4C-4417-BA4E-4E421A651F88}.Release|Any CPU.Build.0 = Release|Any CPU
		{842604B3-36B6-41B1-ACD0-EE13FB52D9A6}.Debug|Any CPU.ActiveCfg = Debug|Any CPU
		{842604B3-36B6-41B1-ACD0-EE13FB52D9A6}.Debug|Any CPU.Build.0 = Debug|Any CPU
		{842604B3-36B6-41B1-ACD0-EE13FB52D9A6}.Release|Any CPU.ActiveCfg = Release|Any CPU
		{842604B3-36B6-41B1-ACD0-EE13FB52D9A6}.Release|Any CPU.Build.0 = Release|Any CPU
	EndGlobalSection
	GlobalSection(SolutionProperties) = preSolution
		HideSolutionNode = FALSE
	EndGlobalSection
EndGlobal
